// !$*UTF8*$!
{
	archiveVersion = 1;
	classes = {
	};
	objectVersion = 56;
	objects = {

/* Begin PBXBuildFile section */
		AC51BB562AD526BB00E07AC0 /* DiskStorage.swift in Sources */ = {isa = PBXBuildFile; fileRef = AC51BB552AD526BB00E07AC0 /* DiskStorage.swift */; };
		AC51BB582AD5284000E07AC0 /* CodableStorage.swift in Sources */ = {isa = PBXBuildFile; fileRef = AC51BB572AD5284000E07AC0 /* CodableStorage.swift */; };
		AC5968502ABA96E80067B0D9 /* AppDelegate.swift in Sources */ = {isa = PBXBuildFile; fileRef = AC59684F2ABA96E80067B0D9 /* AppDelegate.swift */; };
		AC5968522ABA96E80067B0D9 /* SceneDelegate.swift in Sources */ = {isa = PBXBuildFile; fileRef = AC5968512ABA96E80067B0D9 /* SceneDelegate.swift */; };
		AC5968572ABA96E80067B0D9 /* Main.storyboard in Resources */ = {isa = PBXBuildFile; fileRef = AC5968552ABA96E80067B0D9 /* Main.storyboard */; };
		AC5968592ABA96EB0067B0D9 /* Assets.xcassets in Resources */ = {isa = PBXBuildFile; fileRef = AC5968582ABA96EB0067B0D9 /* Assets.xcassets */; };
		AC59685C2ABA96EB0067B0D9 /* LaunchScreen.storyboard in Resources */ = {isa = PBXBuildFile; fileRef = AC59685A2ABA96EB0067B0D9 /* LaunchScreen.storyboard */; };
		AC5968672ABA96EB0067B0D9 /* CountInSpotifyTests.swift in Sources */ = {isa = PBXBuildFile; fileRef = AC5968662ABA96EB0067B0D9 /* CountInSpotifyTests.swift */; };
		AC5968712ABA96EB0067B0D9 /* CountInSpotifyUITests.swift in Sources */ = {isa = PBXBuildFile; fileRef = AC5968702ABA96EB0067B0D9 /* CountInSpotifyUITests.swift */; };
		AC5968732ABA96EC0067B0D9 /* CountInSpotifyUITestsLaunchTests.swift in Sources */ = {isa = PBXBuildFile; fileRef = AC5968722ABA96EC0067B0D9 /* CountInSpotifyUITestsLaunchTests.swift */; };
		AC5968862ABA9F210067B0D9 /* Constants.swift in Sources */ = {isa = PBXBuildFile; fileRef = AC5968852ABA9F210067B0D9 /* Constants.swift */; };
		AC5968872ABAA0A50067B0D9 /* SpotifyiOS.xcframework in Frameworks */ = {isa = PBXBuildFile; fileRef = AC59687F2ABA996E0067B0D9 /* SpotifyiOS.xcframework */; };
		AC5968882ABAA0A50067B0D9 /* SpotifyiOS.xcframework in Embed Frameworks */ = {isa = PBXBuildFile; fileRef = AC59687F2ABA996E0067B0D9 /* SpotifyiOS.xcframework */; settings = {ATTRIBUTES = (CodeSignOnCopy, RemoveHeadersOnCopy, ); }; };
		AC59688C2ABC3E440067B0D9 /* UserDefaultsExtensions.swift in Sources */ = {isa = PBXBuildFile; fileRef = AC59688B2ABC3E440067B0D9 /* UserDefaultsExtensions.swift */; };
		AC59688E2AC3A9300067B0D9 /* SpotifyConnectionManager.swift in Sources */ = {isa = PBXBuildFile; fileRef = AC59688D2AC3A9300067B0D9 /* SpotifyConnectionManager.swift */; };
		AC8FF2992ADD4E0000C8226A /* Style.swift in Sources */ = {isa = PBXBuildFile; fileRef = AC8FF2982ADD4E0000C8226A /* Style.swift */; };
		AC8FF29E2ADE056700C8226A /* NowPlayingView.swift in Sources */ = {isa = PBXBuildFile; fileRef = AC8FF29D2ADE056700C8226A /* NowPlayingView.swift */; };
		AC8FF2A02ADE057900C8226A /* NowPlayingViewModel.swift in Sources */ = {isa = PBXBuildFile; fileRef = AC8FF29F2ADE057900C8226A /* NowPlayingViewModel.swift */; };
		AC8FF2A22ADE05A700C8226A /* TrackInfoView.swift in Sources */ = {isa = PBXBuildFile; fileRef = AC8FF2A12ADE05A700C8226A /* TrackInfoView.swift */; };
		AC8FF2A42ADE05FB00C8226A /* TrackInfoViewModel.swift in Sources */ = {isa = PBXBuildFile; fileRef = AC8FF2A32ADE05FB00C8226A /* TrackInfoViewModel.swift */; };
		AC8FF2A62ADE2E0900C8226A /* PlayerManager.swift in Sources */ = {isa = PBXBuildFile; fileRef = AC8FF2A52ADE2E0900C8226A /* PlayerManager.swift */; };
		AC8FF2A92ADF8FFE00C8226A /* CircularProgressView.swift in Sources */ = {isa = PBXBuildFile; fileRef = AC8FF2A82ADF8FFE00C8226A /* CircularProgressView.swift */; };
		AC8FF2AB2AE927CF00C8226A /* RecentlyPlayedResponse.swift in Sources */ = {isa = PBXBuildFile; fileRef = AC8FF2AA2AE927CE00C8226A /* RecentlyPlayedResponse.swift */; };
		AC8FF2AD2AE92FF000C8226A /* LoadingIndicatorView.swift in Sources */ = {isa = PBXBuildFile; fileRef = AC8FF2AC2AE92FF000C8226A /* LoadingIndicatorView.swift */; };
		AC9024A42AC67B51007EE9A1 /* Metronome.swift in Sources */ = {isa = PBXBuildFile; fileRef = AC9024A32AC67B51007EE9A1 /* Metronome.swift */; };
		AC9024A72AC67F8F007EE9A1 /* sound2.wav in Resources */ = {isa = PBXBuildFile; fileRef = AC9024A52AC67F8E007EE9A1 /* sound2.wav */; };
		AC9024A82AC67F8F007EE9A1 /* sound1.wav in Resources */ = {isa = PBXBuildFile; fileRef = AC9024A62AC67F8F007EE9A1 /* sound1.wav */; };
		AC9024AF2AC918A5007EE9A1 /* Track.swift in Sources */ = {isa = PBXBuildFile; fileRef = AC9024AE2AC918A5007EE9A1 /* Track.swift */; };
		AC9024B12AC918EF007EE9A1 /* Album.swift in Sources */ = {isa = PBXBuildFile; fileRef = AC9024B02AC918EF007EE9A1 /* Album.swift */; };
		AC9024B32AC91D43007EE9A1 /* Artist.swift in Sources */ = {isa = PBXBuildFile; fileRef = AC9024B22AC91D43007EE9A1 /* Artist.swift */; };
		AC9024C82ACA8492007EE9A1 /* HTTPMethod.swift in Sources */ = {isa = PBXBuildFile; fileRef = AC9024C42ACA8492007EE9A1 /* HTTPMethod.swift */; };
		AC9024C92ACA8492007EE9A1 /* HTTPClient.swift in Sources */ = {isa = PBXBuildFile; fileRef = AC9024C52ACA8492007EE9A1 /* HTTPClient.swift */; };
		AC9024CA2ACA8492007EE9A1 /* RequestError.swift in Sources */ = {isa = PBXBuildFile; fileRef = AC9024C62ACA8492007EE9A1 /* RequestError.swift */; };
		AC9024CB2ACA8492007EE9A1 /* Endpoint.swift in Sources */ = {isa = PBXBuildFile; fileRef = AC9024C72ACA8492007EE9A1 /* Endpoint.swift */; };
		AC9024D32ACA85CC007EE9A1 /* SpotifyEndpoint.swift in Sources */ = {isa = PBXBuildFile; fileRef = AC9024D22ACA85CC007EE9A1 /* SpotifyEndpoint.swift */; };
		AC9024D52ACA8829007EE9A1 /* SpotifyService.swift in Sources */ = {isa = PBXBuildFile; fileRef = AC9024D42ACA8829007EE9A1 /* SpotifyService.swift */; };
		AC9024D92ACAA927007EE9A1 /* SearchResult.swift in Sources */ = {isa = PBXBuildFile; fileRef = AC9024D82ACAA927007EE9A1 /* SearchResult.swift */; };
		AC9024DC2ACABE3B007EE9A1 /* ViewController.swift in Sources */ = {isa = PBXBuildFile; fileRef = AC9024DB2ACABE3B007EE9A1 /* ViewController.swift */; };
		AC9024DE2ACABEB3007EE9A1 /* TrackListView.swift in Sources */ = {isa = PBXBuildFile; fileRef = AC9024DD2ACABEB3007EE9A1 /* TrackListView.swift */; };
		AC9024E02ACABED8007EE9A1 /* TrackListViewModel.swift in Sources */ = {isa = PBXBuildFile; fileRef = AC9024DF2ACABED8007EE9A1 /* TrackListViewModel.swift */; };
		AC9024E42ACBF19E007EE9A1 /* AddTrackView.swift in Sources */ = {isa = PBXBuildFile; fileRef = AC9024E32ACBF19E007EE9A1 /* AddTrackView.swift */; };
		AC9024E62ACCE200007EE9A1 /* AddTrackViewModel.swift in Sources */ = {isa = PBXBuildFile; fileRef = AC9024E52ACCE200007EE9A1 /* AddTrackViewModel.swift */; };
		AC9024E92ACE5206007EE9A1 /* TrackRowView.swift in Sources */ = {isa = PBXBuildFile; fileRef = AC9024E82ACE5206007EE9A1 /* TrackRowView.swift */; };
		AC9024EB2ACE5231007EE9A1 /* TrackRowViewModel.swift in Sources */ = {isa = PBXBuildFile; fileRef = AC9024EA2ACE5231007EE9A1 /* TrackRowViewModel.swift */; };
		AC9024F22ACF80B6007EE9A1 /* TrackDetailsView.swift in Sources */ = {isa = PBXBuildFile; fileRef = AC9024F12ACF80B6007EE9A1 /* TrackDetailsView.swift */; };
		AC9024F42ACF80C5007EE9A1 /* TrackDetailsViewModel.swift in Sources */ = {isa = PBXBuildFile; fileRef = AC9024F32ACF80C5007EE9A1 /* TrackDetailsViewModel.swift */; };
		AC9024F62ACF9D5B007EE9A1 /* AudioAnalysis.swift in Sources */ = {isa = PBXBuildFile; fileRef = AC9024F52ACF9D5B007EE9A1 /* AudioAnalysis.swift */; };
		AC9024F82ACFB4AB007EE9A1 /* ViewExtensions.swift in Sources */ = {isa = PBXBuildFile; fileRef = AC9024F72ACFB4AB007EE9A1 /* ViewExtensions.swift */; };
		AC9024FA2AD0101A007EE9A1 /* TracksStore.swift in Sources */ = {isa = PBXBuildFile; fileRef = AC9024F92AD0101A007EE9A1 /* TracksStore.swift */; };
/* End PBXBuildFile section */

/* Begin PBXContainerItemProxy section */
		AC5968632ABA96EB0067B0D9 /* PBXContainerItemProxy */ = {
			isa = PBXContainerItemProxy;
			containerPortal = AC5968442ABA96E80067B0D9 /* Project object */;
			proxyType = 1;
			remoteGlobalIDString = AC59684B2ABA96E80067B0D9;
			remoteInfo = CountInSpotify;
		};
		AC59686D2ABA96EB0067B0D9 /* PBXContainerItemProxy */ = {
			isa = PBXContainerItemProxy;
			containerPortal = AC5968442ABA96E80067B0D9 /* Project object */;
			proxyType = 1;
			remoteGlobalIDString = AC59684B2ABA96E80067B0D9;
			remoteInfo = CountInSpotify;
		};
/* End PBXContainerItemProxy section */

/* Begin PBXCopyFilesBuildPhase section */
		AC5968892ABAA0A50067B0D9 /* Embed Frameworks */ = {
			isa = PBXCopyFilesBuildPhase;
			buildActionMask = 2147483647;
			dstPath = "";
			dstSubfolderSpec = 10;
			files = (
				AC5968882ABAA0A50067B0D9 /* SpotifyiOS.xcframework in Embed Frameworks */,
			);
			name = "Embed Frameworks";
			runOnlyForDeploymentPostprocessing = 0;
		};
/* End PBXCopyFilesBuildPhase section */

/* Begin PBXFileReference section */
		AC51BB552AD526BB00E07AC0 /* DiskStorage.swift */ = {isa = PBXFileReference; lastKnownFileType = sourcecode.swift; path = DiskStorage.swift; sourceTree = "<group>"; };
		AC51BB572AD5284000E07AC0 /* CodableStorage.swift */ = {isa = PBXFileReference; lastKnownFileType = sourcecode.swift; path = CodableStorage.swift; sourceTree = "<group>"; };
		AC59684C2ABA96E80067B0D9 /* CountInSpotify.app */ = {isa = PBXFileReference; explicitFileType = wrapper.application; includeInIndex = 0; path = CountInSpotify.app; sourceTree = BUILT_PRODUCTS_DIR; };
		AC59684F2ABA96E80067B0D9 /* AppDelegate.swift */ = {isa = PBXFileReference; lastKnownFileType = sourcecode.swift; path = AppDelegate.swift; sourceTree = "<group>"; };
		AC5968512ABA96E80067B0D9 /* SceneDelegate.swift */ = {isa = PBXFileReference; lastKnownFileType = sourcecode.swift; path = SceneDelegate.swift; sourceTree = "<group>"; };
		AC5968562ABA96E80067B0D9 /* Base */ = {isa = PBXFileReference; lastKnownFileType = file.storyboard; name = Base; path = Base.lproj/Main.storyboard; sourceTree = "<group>"; };
		AC5968582ABA96EB0067B0D9 /* Assets.xcassets */ = {isa = PBXFileReference; lastKnownFileType = folder.assetcatalog; path = Assets.xcassets; sourceTree = "<group>"; };
		AC59685B2ABA96EB0067B0D9 /* Base */ = {isa = PBXFileReference; lastKnownFileType = file.storyboard; name = Base; path = Base.lproj/LaunchScreen.storyboard; sourceTree = "<group>"; };
		AC59685D2ABA96EB0067B0D9 /* Info.plist */ = {isa = PBXFileReference; lastKnownFileType = text.plist.xml; path = Info.plist; sourceTree = "<group>"; };
		AC5968622ABA96EB0067B0D9 /* CountInSpotifyTests.xctest */ = {isa = PBXFileReference; explicitFileType = wrapper.cfbundle; includeInIndex = 0; path = CountInSpotifyTests.xctest; sourceTree = BUILT_PRODUCTS_DIR; };
		AC5968662ABA96EB0067B0D9 /* CountInSpotifyTests.swift */ = {isa = PBXFileReference; lastKnownFileType = sourcecode.swift; path = CountInSpotifyTests.swift; sourceTree = "<group>"; };
		AC59686C2ABA96EB0067B0D9 /* CountInSpotifyUITests.xctest */ = {isa = PBXFileReference; explicitFileType = wrapper.cfbundle; includeInIndex = 0; path = CountInSpotifyUITests.xctest; sourceTree = BUILT_PRODUCTS_DIR; };
		AC5968702ABA96EB0067B0D9 /* CountInSpotifyUITests.swift */ = {isa = PBXFileReference; lastKnownFileType = sourcecode.swift; path = CountInSpotifyUITests.swift; sourceTree = "<group>"; };
		AC5968722ABA96EC0067B0D9 /* CountInSpotifyUITestsLaunchTests.swift */ = {isa = PBXFileReference; lastKnownFileType = sourcecode.swift; path = CountInSpotifyUITestsLaunchTests.swift; sourceTree = "<group>"; };
		AC59687F2ABA996E0067B0D9 /* SpotifyiOS.xcframework */ = {isa = PBXFileReference; lastKnownFileType = wrapper.xcframework; path = SpotifyiOS.xcframework; sourceTree = "<group>"; };
		AC5968822ABA9B150067B0D9 /* CountInSpotify-Bridging-Header.h */ = {isa = PBXFileReference; lastKnownFileType = sourcecode.c.h; path = "CountInSpotify-Bridging-Header.h"; sourceTree = "<group>"; };
		AC5968852ABA9F210067B0D9 /* Constants.swift */ = {isa = PBXFileReference; lastKnownFileType = sourcecode.swift; path = Constants.swift; sourceTree = "<group>"; };
		AC59688B2ABC3E440067B0D9 /* UserDefaultsExtensions.swift */ = {isa = PBXFileReference; lastKnownFileType = sourcecode.swift; path = UserDefaultsExtensions.swift; sourceTree = "<group>"; };
		AC59688D2AC3A9300067B0D9 /* SpotifyConnectionManager.swift */ = {isa = PBXFileReference; lastKnownFileType = sourcecode.swift; path = SpotifyConnectionManager.swift; sourceTree = "<group>"; };
		AC8FF2982ADD4E0000C8226A /* Style.swift */ = {isa = PBXFileReference; lastKnownFileType = sourcecode.swift; path = Style.swift; sourceTree = "<group>"; };
		AC8FF29D2ADE056700C8226A /* NowPlayingView.swift */ = {isa = PBXFileReference; lastKnownFileType = sourcecode.swift; path = NowPlayingView.swift; sourceTree = "<group>"; };
		AC8FF29F2ADE057900C8226A /* NowPlayingViewModel.swift */ = {isa = PBXFileReference; lastKnownFileType = sourcecode.swift; path = NowPlayingViewModel.swift; sourceTree = "<group>"; };
		AC8FF2A12ADE05A700C8226A /* TrackInfoView.swift */ = {isa = PBXFileReference; lastKnownFileType = sourcecode.swift; path = TrackInfoView.swift; sourceTree = "<group>"; };
		AC8FF2A32ADE05FB00C8226A /* TrackInfoViewModel.swift */ = {isa = PBXFileReference; lastKnownFileType = sourcecode.swift; path = TrackInfoViewModel.swift; sourceTree = "<group>"; };
		AC8FF2A52ADE2E0900C8226A /* PlayerManager.swift */ = {isa = PBXFileReference; lastKnownFileType = sourcecode.swift; path = PlayerManager.swift; sourceTree = "<group>"; };
		AC8FF2A82ADF8FFE00C8226A /* CircularProgressView.swift */ = {isa = PBXFileReference; lastKnownFileType = sourcecode.swift; path = CircularProgressView.swift; sourceTree = "<group>"; };
		AC8FF2AA2AE927CE00C8226A /* RecentlyPlayedResponse.swift */ = {isa = PBXFileReference; lastKnownFileType = sourcecode.swift; path = RecentlyPlayedResponse.swift; sourceTree = "<group>"; };
		AC8FF2AC2AE92FF000C8226A /* LoadingIndicatorView.swift */ = {isa = PBXFileReference; lastKnownFileType = sourcecode.swift; path = LoadingIndicatorView.swift; sourceTree = "<group>"; };
		AC9024A32AC67B51007EE9A1 /* Metronome.swift */ = {isa = PBXFileReference; lastKnownFileType = sourcecode.swift; path = Metronome.swift; sourceTree = "<group>"; };
		AC9024A52AC67F8E007EE9A1 /* sound2.wav */ = {isa = PBXFileReference; lastKnownFileType = audio.wav; path = sound2.wav; sourceTree = "<group>"; };
		AC9024A62AC67F8F007EE9A1 /* sound1.wav */ = {isa = PBXFileReference; lastKnownFileType = audio.wav; path = sound1.wav; sourceTree = "<group>"; };
		AC9024AE2AC918A5007EE9A1 /* Track.swift */ = {isa = PBXFileReference; lastKnownFileType = sourcecode.swift; path = Track.swift; sourceTree = "<group>"; };
		AC9024B02AC918EF007EE9A1 /* Album.swift */ = {isa = PBXFileReference; lastKnownFileType = sourcecode.swift; path = Album.swift; sourceTree = "<group>"; };
		AC9024B22AC91D43007EE9A1 /* Artist.swift */ = {isa = PBXFileReference; lastKnownFileType = sourcecode.swift; path = Artist.swift; sourceTree = "<group>"; };
		AC9024C42ACA8492007EE9A1 /* HTTPMethod.swift */ = {isa = PBXFileReference; fileEncoding = 4; lastKnownFileType = sourcecode.swift; path = HTTPMethod.swift; sourceTree = "<group>"; };
		AC9024C52ACA8492007EE9A1 /* HTTPClient.swift */ = {isa = PBXFileReference; fileEncoding = 4; lastKnownFileType = sourcecode.swift; path = HTTPClient.swift; sourceTree = "<group>"; };
		AC9024C62ACA8492007EE9A1 /* RequestError.swift */ = {isa = PBXFileReference; fileEncoding = 4; lastKnownFileType = sourcecode.swift; path = RequestError.swift; sourceTree = "<group>"; };
		AC9024C72ACA8492007EE9A1 /* Endpoint.swift */ = {isa = PBXFileReference; fileEncoding = 4; lastKnownFileType = sourcecode.swift; path = Endpoint.swift; sourceTree = "<group>"; };
		AC9024D22ACA85CC007EE9A1 /* SpotifyEndpoint.swift */ = {isa = PBXFileReference; lastKnownFileType = sourcecode.swift; path = SpotifyEndpoint.swift; sourceTree = "<group>"; };
		AC9024D42ACA8829007EE9A1 /* SpotifyService.swift */ = {isa = PBXFileReference; lastKnownFileType = sourcecode.swift; path = SpotifyService.swift; sourceTree = "<group>"; };
		AC9024D82ACAA927007EE9A1 /* SearchResult.swift */ = {isa = PBXFileReference; lastKnownFileType = sourcecode.swift; path = SearchResult.swift; sourceTree = "<group>"; };
		AC9024DB2ACABE3B007EE9A1 /* ViewController.swift */ = {isa = PBXFileReference; lastKnownFileType = sourcecode.swift; path = ViewController.swift; sourceTree = "<group>"; };
		AC9024DD2ACABEB3007EE9A1 /* TrackListView.swift */ = {isa = PBXFileReference; lastKnownFileType = sourcecode.swift; path = TrackListView.swift; sourceTree = "<group>"; };
		AC9024DF2ACABED8007EE9A1 /* TrackListViewModel.swift */ = {isa = PBXFileReference; lastKnownFileType = sourcecode.swift; path = TrackListViewModel.swift; sourceTree = "<group>"; };
		AC9024E32ACBF19E007EE9A1 /* AddTrackView.swift */ = {isa = PBXFileReference; lastKnownFileType = sourcecode.swift; path = AddTrackView.swift; sourceTree = "<group>"; };
		AC9024E52ACCE200007EE9A1 /* AddTrackViewModel.swift */ = {isa = PBXFileReference; lastKnownFileType = sourcecode.swift; path = AddTrackViewModel.swift; sourceTree = "<group>"; };
		AC9024E82ACE5206007EE9A1 /* TrackRowView.swift */ = {isa = PBXFileReference; lastKnownFileType = sourcecode.swift; path = TrackRowView.swift; sourceTree = "<group>"; };
		AC9024EA2ACE5231007EE9A1 /* TrackRowViewModel.swift */ = {isa = PBXFileReference; lastKnownFileType = sourcecode.swift; path = TrackRowViewModel.swift; sourceTree = "<group>"; };
		AC9024F12ACF80B6007EE9A1 /* TrackDetailsView.swift */ = {isa = PBXFileReference; lastKnownFileType = sourcecode.swift; path = TrackDetailsView.swift; sourceTree = "<group>"; };
		AC9024F32ACF80C5007EE9A1 /* TrackDetailsViewModel.swift */ = {isa = PBXFileReference; lastKnownFileType = sourcecode.swift; path = TrackDetailsViewModel.swift; sourceTree = "<group>"; };
		AC9024F52ACF9D5B007EE9A1 /* AudioAnalysis.swift */ = {isa = PBXFileReference; lastKnownFileType = sourcecode.swift; path = AudioAnalysis.swift; sourceTree = "<group>"; };
		AC9024F72ACFB4AB007EE9A1 /* ViewExtensions.swift */ = {isa = PBXFileReference; lastKnownFileType = sourcecode.swift; path = ViewExtensions.swift; sourceTree = "<group>"; };
		AC9024F92AD0101A007EE9A1 /* TracksStore.swift */ = {isa = PBXFileReference; lastKnownFileType = sourcecode.swift; path = TracksStore.swift; sourceTree = "<group>"; };
/* End PBXFileReference section */

/* Begin PBXFrameworksBuildPhase section */
		AC5968492ABA96E80067B0D9 /* Frameworks */ = {
			isa = PBXFrameworksBuildPhase;
			buildActionMask = 2147483647;
			files = (
				AC5968872ABAA0A50067B0D9 /* SpotifyiOS.xcframework in Frameworks */,
			);
			runOnlyForDeploymentPostprocessing = 0;
		};
		AC59685F2ABA96EB0067B0D9 /* Frameworks */ = {
			isa = PBXFrameworksBuildPhase;
			buildActionMask = 2147483647;
			files = (
			);
			runOnlyForDeploymentPostprocessing = 0;
		};
		AC5968692ABA96EB0067B0D9 /* Frameworks */ = {
			isa = PBXFrameworksBuildPhase;
			buildActionMask = 2147483647;
			files = (
			);
			runOnlyForDeploymentPostprocessing = 0;
		};
/* End PBXFrameworksBuildPhase section */

/* Begin PBXGroup section */
		AC51BB542AD5267A00E07AC0 /* Storage */ = {
			isa = PBXGroup;
			children = (
				AC9024F92AD0101A007EE9A1 /* TracksStore.swift */,
				AC51BB552AD526BB00E07AC0 /* DiskStorage.swift */,
				AC51BB572AD5284000E07AC0 /* CodableStorage.swift */,
			);
			path = Storage;
			sourceTree = "<group>";
		};
		AC5968432ABA96E70067B0D9 = {
			isa = PBXGroup;
			children = (
				AC59684E2ABA96E80067B0D9 /* CountInSpotify */,
				AC5968652ABA96EB0067B0D9 /* CountInSpotifyTests */,
				AC59686F2ABA96EB0067B0D9 /* CountInSpotifyUITests */,
				AC5968812ABA99AB0067B0D9 /* Frameworks */,
				AC59684D2ABA96E80067B0D9 /* Products */,
			);
			sourceTree = "<group>";
		};
		AC59684D2ABA96E80067B0D9 /* Products */ = {
			isa = PBXGroup;
			children = (
				AC59684C2ABA96E80067B0D9 /* CountInSpotify.app */,
				AC5968622ABA96EB0067B0D9 /* CountInSpotifyTests.xctest */,
				AC59686C2ABA96EB0067B0D9 /* CountInSpotifyUITests.xctest */,
			);
			name = Products;
			sourceTree = "<group>";
		};
		AC59684E2ABA96E80067B0D9 /* CountInSpotify */ = {
			isa = PBXGroup;
			children = (
				AC51BB542AD5267A00E07AC0 /* Storage */,
				AC59688F2AC3B6B80067B0D9 /* Assets */,
				AC59688A2ABC3E2B0067B0D9 /* Extensions */,
				AC9024A92AC6CDDD007EE9A1 /* Models */,
				AC9024B42AC95580007EE9A1 /* Networking */,
				AC8FF2A72ADF77CB00C8226A /* Audio */,
				AC9024E72ACE51DB007EE9A1 /* SharedViews */,
				AC9024DA2ACABE24007EE9A1 /* Track List */,
				AC9024E22ACBF187007EE9A1 /* AddTrack */,
				AC9024F02ACF80A2007EE9A1 /* TrackDetails */,
				AC8FF29A2ADE050F00C8226A /* NowPlaying */,
				AC59684F2ABA96E80067B0D9 /* AppDelegate.swift */,
				AC5968512ABA96E80067B0D9 /* SceneDelegate.swift */,
				AC5968852ABA9F210067B0D9 /* Constants.swift */,
				AC8FF2982ADD4E0000C8226A /* Style.swift */,
				AC9024DB2ACABE3B007EE9A1 /* ViewController.swift */,
				AC5968552ABA96E80067B0D9 /* Main.storyboard */,
				AC5968582ABA96EB0067B0D9 /* Assets.xcassets */,
				AC59685A2ABA96EB0067B0D9 /* LaunchScreen.storyboard */,
				AC59685D2ABA96EB0067B0D9 /* Info.plist */,
				AC5968822ABA9B150067B0D9 /* CountInSpotify-Bridging-Header.h */,
			);
			path = CountInSpotify;
			sourceTree = "<group>";
		};
		AC5968652ABA96EB0067B0D9 /* CountInSpotifyTests */ = {
			isa = PBXGroup;
			children = (
				AC5968662ABA96EB0067B0D9 /* CountInSpotifyTests.swift */,
			);
			path = CountInSpotifyTests;
			sourceTree = "<group>";
		};
		AC59686F2ABA96EB0067B0D9 /* CountInSpotifyUITests */ = {
			isa = PBXGroup;
			children = (
				AC5968702ABA96EB0067B0D9 /* CountInSpotifyUITests.swift */,
				AC5968722ABA96EC0067B0D9 /* CountInSpotifyUITestsLaunchTests.swift */,
			);
			path = CountInSpotifyUITests;
			sourceTree = "<group>";
		};
		AC5968812ABA99AB0067B0D9 /* Frameworks */ = {
			isa = PBXGroup;
			children = (
				AC59687F2ABA996E0067B0D9 /* SpotifyiOS.xcframework */,
			);
			path = Frameworks;
			sourceTree = "<group>";
		};
		AC59688A2ABC3E2B0067B0D9 /* Extensions */ = {
			isa = PBXGroup;
			children = (
				AC59688B2ABC3E440067B0D9 /* UserDefaultsExtensions.swift */,
				AC9024F72ACFB4AB007EE9A1 /* ViewExtensions.swift */,
			);
			path = Extensions;
			sourceTree = "<group>";
		};
		AC59688F2AC3B6B80067B0D9 /* Assets */ = {
			isa = PBXGroup;
			children = (
				AC9024A62AC67F8F007EE9A1 /* sound1.wav */,
				AC9024A52AC67F8E007EE9A1 /* sound2.wav */,
			);
			path = Assets;
			sourceTree = "<group>";
		};
		AC8FF29A2ADE050F00C8226A /* NowPlaying */ = {
			isa = PBXGroup;
			children = (
				AC8FF29D2ADE056700C8226A /* NowPlayingView.swift */,
				AC8FF29F2ADE057900C8226A /* NowPlayingViewModel.swift */,
			);
			path = NowPlaying;
			sourceTree = "<group>";
		};
		AC8FF2A72ADF77CB00C8226A /* Audio */ = {
			isa = PBXGroup;
			children = (
				AC59688D2AC3A9300067B0D9 /* SpotifyConnectionManager.swift */,
				AC9024A32AC67B51007EE9A1 /* Metronome.swift */,
				AC8FF2A52ADE2E0900C8226A /* PlayerManager.swift */,
			);
			path = Audio;
			sourceTree = "<group>";
		};
		AC9024A92AC6CDDD007EE9A1 /* Models */ = {
			isa = PBXGroup;
			children = (
				AC9024AE2AC918A5007EE9A1 /* Track.swift */,
				AC9024B02AC918EF007EE9A1 /* Album.swift */,
				AC9024B22AC91D43007EE9A1 /* Artist.swift */,
				AC9024D82ACAA927007EE9A1 /* SearchResult.swift */,
				AC9024F52ACF9D5B007EE9A1 /* AudioAnalysis.swift */,
				AC8FF2AA2AE927CE00C8226A /* RecentlyPlayedResponse.swift */,
			);
			path = Models;
			sourceTree = "<group>";
		};
		AC9024B42AC95580007EE9A1 /* Networking */ = {
			isa = PBXGroup;
			children = (
				AC9024C32ACA8492007EE9A1 /* Base */,
				AC9024CC2ACA849E007EE9A1 /* Endpoints */,
				AC9024CF2ACA84B0007EE9A1 /* Services */,
			);
			path = Networking;
			sourceTree = "<group>";
		};
		AC9024C32ACA8492007EE9A1 /* Base */ = {
			isa = PBXGroup;
			children = (
				AC9024C42ACA8492007EE9A1 /* HTTPMethod.swift */,
				AC9024C52ACA8492007EE9A1 /* HTTPClient.swift */,
				AC9024C62ACA8492007EE9A1 /* RequestError.swift */,
				AC9024C72ACA8492007EE9A1 /* Endpoint.swift */,
			);
			path = Base;
			sourceTree = "<group>";
		};
		AC9024CC2ACA849E007EE9A1 /* Endpoints */ = {
			isa = PBXGroup;
			children = (
				AC9024D22ACA85CC007EE9A1 /* SpotifyEndpoint.swift */,
			);
			path = Endpoints;
			sourceTree = "<group>";
		};
		AC9024CF2ACA84B0007EE9A1 /* Services */ = {
			isa = PBXGroup;
			children = (
				AC9024D42ACA8829007EE9A1 /* SpotifyService.swift */,
			);
			path = Services;
			sourceTree = "<group>";
		};
		AC9024DA2ACABE24007EE9A1 /* Track List */ = {
			isa = PBXGroup;
			children = (
				AC9024DD2ACABEB3007EE9A1 /* TrackListView.swift */,
				AC9024DF2ACABED8007EE9A1 /* TrackListViewModel.swift */,
			);
			path = "Track List";
			sourceTree = "<group>";
		};
		AC9024E22ACBF187007EE9A1 /* AddTrack */ = {
			isa = PBXGroup;
			children = (
				AC9024E32ACBF19E007EE9A1 /* AddTrackView.swift */,
				AC9024E52ACCE200007EE9A1 /* AddTrackViewModel.swift */,
			);
			path = AddTrack;
			sourceTree = "<group>";
		};
		AC9024E72ACE51DB007EE9A1 /* SharedViews */ = {
			isa = PBXGroup;
			children = (
				AC9024E82ACE5206007EE9A1 /* TrackRowView.swift */,
				AC9024EA2ACE5231007EE9A1 /* TrackRowViewModel.swift */,
				AC8FF2A12ADE05A700C8226A /* TrackInfoView.swift */,
				AC8FF2A32ADE05FB00C8226A /* TrackInfoViewModel.swift */,
				AC8FF2A82ADF8FFE00C8226A /* CircularProgressView.swift */,
				AC8FF2AC2AE92FF000C8226A /* LoadingIndicatorView.swift */,
			);
			path = SharedViews;
			sourceTree = "<group>";
		};
		AC9024F02ACF80A2007EE9A1 /* TrackDetails */ = {
			isa = PBXGroup;
			children = (
				AC9024F12ACF80B6007EE9A1 /* TrackDetailsView.swift */,
				AC9024F32ACF80C5007EE9A1 /* TrackDetailsViewModel.swift */,
			);
			path = TrackDetails;
			sourceTree = "<group>";
		};
/* End PBXGroup section */

/* Begin PBXNativeTarget section */
		AC59684B2ABA96E80067B0D9 /* CountInSpotify */ = {
			isa = PBXNativeTarget;
			buildConfigurationList = AC5968762ABA96EC0067B0D9 /* Build configuration list for PBXNativeTarget "CountInSpotify" */;
			buildPhases = (
				AC5968482ABA96E80067B0D9 /* Sources */,
				AC5968492ABA96E80067B0D9 /* Frameworks */,
				AC59684A2ABA96E80067B0D9 /* Resources */,
				AC5968892ABAA0A50067B0D9 /* Embed Frameworks */,
			);
			buildRules = (
			);
			dependencies = (
			);
			name = CountInSpotify;
			productName = CountInSpotify;
			productReference = AC59684C2ABA96E80067B0D9 /* CountInSpotify.app */;
			productType = "com.apple.product-type.application";
		};
		AC5968612ABA96EB0067B0D9 /* CountInSpotifyTests */ = {
			isa = PBXNativeTarget;
			buildConfigurationList = AC5968792ABA96EC0067B0D9 /* Build configuration list for PBXNativeTarget "CountInSpotifyTests" */;
			buildPhases = (
				AC59685E2ABA96EB0067B0D9 /* Sources */,
				AC59685F2ABA96EB0067B0D9 /* Frameworks */,
				AC5968602ABA96EB0067B0D9 /* Resources */,
			);
			buildRules = (
			);
			dependencies = (
				AC5968642ABA96EB0067B0D9 /* PBXTargetDependency */,
			);
			name = CountInSpotifyTests;
			productName = CountInSpotifyTests;
			productReference = AC5968622ABA96EB0067B0D9 /* CountInSpotifyTests.xctest */;
			productType = "com.apple.product-type.bundle.unit-test";
		};
		AC59686B2ABA96EB0067B0D9 /* CountInSpotifyUITests */ = {
			isa = PBXNativeTarget;
			buildConfigurationList = AC59687C2ABA96EC0067B0D9 /* Build configuration list for PBXNativeTarget "CountInSpotifyUITests" */;
			buildPhases = (
				AC5968682ABA96EB0067B0D9 /* Sources */,
				AC5968692ABA96EB0067B0D9 /* Frameworks */,
				AC59686A2ABA96EB0067B0D9 /* Resources */,
			);
			buildRules = (
			);
			dependencies = (
				AC59686E2ABA96EB0067B0D9 /* PBXTargetDependency */,
			);
			name = CountInSpotifyUITests;
			productName = CountInSpotifyUITests;
			productReference = AC59686C2ABA96EB0067B0D9 /* CountInSpotifyUITests.xctest */;
			productType = "com.apple.product-type.bundle.ui-testing";
		};
/* End PBXNativeTarget section */

/* Begin PBXProject section */
		AC5968442ABA96E80067B0D9 /* Project object */ = {
			isa = PBXProject;
			attributes = {
				BuildIndependentTargetsInParallel = 1;
				LastSwiftUpdateCheck = 1410;
				LastUpgradeCheck = 1410;
				TargetAttributes = {
					AC59684B2ABA96E80067B0D9 = {
						CreatedOnToolsVersion = 14.1;
						LastSwiftMigration = 1410;
					};
					AC5968612ABA96EB0067B0D9 = {
						CreatedOnToolsVersion = 14.1;
						TestTargetID = AC59684B2ABA96E80067B0D9;
					};
					AC59686B2ABA96EB0067B0D9 = {
						CreatedOnToolsVersion = 14.1;
						TestTargetID = AC59684B2ABA96E80067B0D9;
					};
				};
			};
			buildConfigurationList = AC5968472ABA96E80067B0D9 /* Build configuration list for PBXProject "CountInSpotify" */;
			compatibilityVersion = "Xcode 14.0";
			developmentRegion = en;
			hasScannedForEncodings = 0;
			knownRegions = (
				en,
				Base,
			);
			mainGroup = AC5968432ABA96E70067B0D9;
			productRefGroup = AC59684D2ABA96E80067B0D9 /* Products */;
			projectDirPath = "";
			projectRoot = "";
			targets = (
				AC59684B2ABA96E80067B0D9 /* CountInSpotify */,
				AC5968612ABA96EB0067B0D9 /* CountInSpotifyTests */,
				AC59686B2ABA96EB0067B0D9 /* CountInSpotifyUITests */,
			);
		};
/* End PBXProject section */

/* Begin PBXResourcesBuildPhase section */
		AC59684A2ABA96E80067B0D9 /* Resources */ = {
			isa = PBXResourcesBuildPhase;
			buildActionMask = 2147483647;
			files = (
				AC9024A72AC67F8F007EE9A1 /* sound2.wav in Resources */,
				AC59685C2ABA96EB0067B0D9 /* LaunchScreen.storyboard in Resources */,
				AC5968592ABA96EB0067B0D9 /* Assets.xcassets in Resources */,
				AC9024A82AC67F8F007EE9A1 /* sound1.wav in Resources */,
				AC5968572ABA96E80067B0D9 /* Main.storyboard in Resources */,
			);
			runOnlyForDeploymentPostprocessing = 0;
		};
		AC5968602ABA96EB0067B0D9 /* Resources */ = {
			isa = PBXResourcesBuildPhase;
			buildActionMask = 2147483647;
			files = (
			);
			runOnlyForDeploymentPostprocessing = 0;
		};
		AC59686A2ABA96EB0067B0D9 /* Resources */ = {
			isa = PBXResourcesBuildPhase;
			buildActionMask = 2147483647;
			files = (
			);
			runOnlyForDeploymentPostprocessing = 0;
		};
/* End PBXResourcesBuildPhase section */

/* Begin PBXSourcesBuildPhase section */
		AC5968482ABA96E80067B0D9 /* Sources */ = {
			isa = PBXSourcesBuildPhase;
			buildActionMask = 2147483647;
			files = (
				AC8FF2AD2AE92FF000C8226A /* LoadingIndicatorView.swift in Sources */,
				AC5968502ABA96E80067B0D9 /* AppDelegate.swift in Sources */,
				AC59688E2AC3A9300067B0D9 /* SpotifyConnectionManager.swift in Sources */,
				AC8FF2A62ADE2E0900C8226A /* PlayerManager.swift in Sources */,
				AC8FF2AB2AE927CF00C8226A /* RecentlyPlayedResponse.swift in Sources */,
				AC9024B32AC91D43007EE9A1 /* Artist.swift in Sources */,
				AC9024D52ACA8829007EE9A1 /* SpotifyService.swift in Sources */,
				AC51BB582AD5284000E07AC0 /* CodableStorage.swift in Sources */,
				AC9024D92ACAA927007EE9A1 /* SearchResult.swift in Sources */,
				AC9024E92ACE5206007EE9A1 /* TrackRowView.swift in Sources */,
				AC9024A42AC67B51007EE9A1 /* Metronome.swift in Sources */,
				AC9024E02ACABED8007EE9A1 /* TrackListViewModel.swift in Sources */,
				AC9024E42ACBF19E007EE9A1 /* AddTrackView.swift in Sources */,
				AC9024B12AC918EF007EE9A1 /* Album.swift in Sources */,
				AC5968522ABA96E80067B0D9 /* SceneDelegate.swift in Sources */,
				AC9024EB2ACE5231007EE9A1 /* TrackRowViewModel.swift in Sources */,
				AC9024FA2AD0101A007EE9A1 /* TracksStore.swift in Sources */,
				AC9024AF2AC918A5007EE9A1 /* Track.swift in Sources */,
				AC8FF29E2ADE056700C8226A /* NowPlayingView.swift in Sources */,
				AC59688C2ABC3E440067B0D9 /* UserDefaultsExtensions.swift in Sources */,
				AC51BB562AD526BB00E07AC0 /* DiskStorage.swift in Sources */,
				AC9024CB2ACA8492007EE9A1 /* Endpoint.swift in Sources */,
				AC9024F82ACFB4AB007EE9A1 /* ViewExtensions.swift in Sources */,
				AC9024F62ACF9D5B007EE9A1 /* AudioAnalysis.swift in Sources */,
				AC8FF2992ADD4E0000C8226A /* Style.swift in Sources */,
				AC9024D32ACA85CC007EE9A1 /* SpotifyEndpoint.swift in Sources */,
				AC9024DE2ACABEB3007EE9A1 /* TrackListView.swift in Sources */,
				AC8FF2A22ADE05A700C8226A /* TrackInfoView.swift in Sources */,
				AC9024E62ACCE200007EE9A1 /* AddTrackViewModel.swift in Sources */,
				AC8FF2A42ADE05FB00C8226A /* TrackInfoViewModel.swift in Sources */,
				AC9024C92ACA8492007EE9A1 /* HTTPClient.swift in Sources */,
				AC9024F42ACF80C5007EE9A1 /* TrackDetailsViewModel.swift in Sources */,
				AC8FF2A92ADF8FFE00C8226A /* CircularProgressView.swift in Sources */,
				AC9024CA2ACA8492007EE9A1 /* RequestError.swift in Sources */,
				AC9024C82ACA8492007EE9A1 /* HTTPMethod.swift in Sources */,
				AC9024DC2ACABE3B007EE9A1 /* ViewController.swift in Sources */,
				AC5968862ABA9F210067B0D9 /* Constants.swift in Sources */,
				AC8FF2A02ADE057900C8226A /* NowPlayingViewModel.swift in Sources */,
				AC9024F22ACF80B6007EE9A1 /* TrackDetailsView.swift in Sources */,
			);
			runOnlyForDeploymentPostprocessing = 0;
		};
		AC59685E2ABA96EB0067B0D9 /* Sources */ = {
			isa = PBXSourcesBuildPhase;
			buildActionMask = 2147483647;
			files = (
				AC5968672ABA96EB0067B0D9 /* CountInSpotifyTests.swift in Sources */,
			);
			runOnlyForDeploymentPostprocessing = 0;
		};
		AC5968682ABA96EB0067B0D9 /* Sources */ = {
			isa = PBXSourcesBuildPhase;
			buildActionMask = 2147483647;
			files = (
				AC5968732ABA96EC0067B0D9 /* CountInSpotifyUITestsLaunchTests.swift in Sources */,
				AC5968712ABA96EB0067B0D9 /* CountInSpotifyUITests.swift in Sources */,
			);
			runOnlyForDeploymentPostprocessing = 0;
		};
/* End PBXSourcesBuildPhase section */

/* Begin PBXTargetDependency section */
		AC5968642ABA96EB0067B0D9 /* PBXTargetDependency */ = {
			isa = PBXTargetDependency;
			target = AC59684B2ABA96E80067B0D9 /* CountInSpotify */;
			targetProxy = AC5968632ABA96EB0067B0D9 /* PBXContainerItemProxy */;
		};
		AC59686E2ABA96EB0067B0D9 /* PBXTargetDependency */ = {
			isa = PBXTargetDependency;
			target = AC59684B2ABA96E80067B0D9 /* CountInSpotify */;
			targetProxy = AC59686D2ABA96EB0067B0D9 /* PBXContainerItemProxy */;
		};
/* End PBXTargetDependency section */

/* Begin PBXVariantGroup section */
		AC5968552ABA96E80067B0D9 /* Main.storyboard */ = {
			isa = PBXVariantGroup;
			children = (
				AC5968562ABA96E80067B0D9 /* Base */,
			);
			name = Main.storyboard;
			sourceTree = "<group>";
		};
		AC59685A2ABA96EB0067B0D9 /* LaunchScreen.storyboard */ = {
			isa = PBXVariantGroup;
			children = (
				AC59685B2ABA96EB0067B0D9 /* Base */,
			);
			name = LaunchScreen.storyboard;
			sourceTree = "<group>";
		};
/* End PBXVariantGroup section */

/* Begin XCBuildConfiguration section */
		AC5968742ABA96EC0067B0D9 /* Debug */ = {
			isa = XCBuildConfiguration;
			buildSettings = {
				ALWAYS_SEARCH_USER_PATHS = NO;
				CLANG_ANALYZER_NONNULL = YES;
				CLANG_ANALYZER_NUMBER_OBJECT_CONVERSION = YES_AGGRESSIVE;
				CLANG_CXX_LANGUAGE_STANDARD = "gnu++20";
				CLANG_ENABLE_MODULES = YES;
				CLANG_ENABLE_OBJC_ARC = YES;
				CLANG_ENABLE_OBJC_WEAK = YES;
				CLANG_WARN_BLOCK_CAPTURE_AUTORELEASING = YES;
				CLANG_WARN_BOOL_CONVERSION = YES;
				CLANG_WARN_COMMA = YES;
				CLANG_WARN_CONSTANT_CONVERSION = YES;
				CLANG_WARN_DEPRECATED_OBJC_IMPLEMENTATIONS = YES;
				CLANG_WARN_DIRECT_OBJC_ISA_USAGE = YES_ERROR;
				CLANG_WARN_DOCUMENTATION_COMMENTS = YES;
				CLANG_WARN_EMPTY_BODY = YES;
				CLANG_WARN_ENUM_CONVERSION = YES;
				CLANG_WARN_INFINITE_RECURSION = YES;
				CLANG_WARN_INT_CONVERSION = YES;
				CLANG_WARN_NON_LITERAL_NULL_CONVERSION = YES;
				CLANG_WARN_OBJC_IMPLICIT_RETAIN_SELF = YES;
				CLANG_WARN_OBJC_LITERAL_CONVERSION = YES;
				CLANG_WARN_OBJC_ROOT_CLASS = YES_ERROR;
				CLANG_WARN_QUOTED_INCLUDE_IN_FRAMEWORK_HEADER = YES;
				CLANG_WARN_RANGE_LOOP_ANALYSIS = YES;
				CLANG_WARN_STRICT_PROTOTYPES = YES;
				CLANG_WARN_SUSPICIOUS_MOVE = YES;
				CLANG_WARN_UNGUARDED_AVAILABILITY = YES_AGGRESSIVE;
				CLANG_WARN_UNREACHABLE_CODE = YES;
				CLANG_WARN__DUPLICATE_METHOD_MATCH = YES;
				COPY_PHASE_STRIP = NO;
				DEBUG_INFORMATION_FORMAT = dwarf;
				ENABLE_STRICT_OBJC_MSGSEND = YES;
				ENABLE_TESTABILITY = YES;
				GCC_C_LANGUAGE_STANDARD = gnu11;
				GCC_DYNAMIC_NO_PIC = NO;
				GCC_NO_COMMON_BLOCKS = YES;
				GCC_OPTIMIZATION_LEVEL = 0;
				GCC_PREPROCESSOR_DEFINITIONS = (
					"DEBUG=1",
					"$(inherited)",
				);
				GCC_WARN_64_TO_32_BIT_CONVERSION = YES;
				GCC_WARN_ABOUT_RETURN_TYPE = YES_ERROR;
				GCC_WARN_UNDECLARED_SELECTOR = YES;
				GCC_WARN_UNINITIALIZED_AUTOS = YES_AGGRESSIVE;
				GCC_WARN_UNUSED_FUNCTION = YES;
				GCC_WARN_UNUSED_VARIABLE = YES;
				IPHONEOS_DEPLOYMENT_TARGET = 16.0;
				MTL_ENABLE_DEBUG_INFO = INCLUDE_SOURCE;
				MTL_FAST_MATH = YES;
				ONLY_ACTIVE_ARCH = YES;
				SDKROOT = iphoneos;
				SWIFT_ACTIVE_COMPILATION_CONDITIONS = DEBUG;
				SWIFT_OPTIMIZATION_LEVEL = "-Onone";
			};
			name = Debug;
		};
		AC5968752ABA96EC0067B0D9 /* Release */ = {
			isa = XCBuildConfiguration;
			buildSettings = {
				ALWAYS_SEARCH_USER_PATHS = NO;
				CLANG_ANALYZER_NONNULL = YES;
				CLANG_ANALYZER_NUMBER_OBJECT_CONVERSION = YES_AGGRESSIVE;
				CLANG_CXX_LANGUAGE_STANDARD = "gnu++20";
				CLANG_ENABLE_MODULES = YES;
				CLANG_ENABLE_OBJC_ARC = YES;
				CLANG_ENABLE_OBJC_WEAK = YES;
				CLANG_WARN_BLOCK_CAPTURE_AUTORELEASING = YES;
				CLANG_WARN_BOOL_CONVERSION = YES;
				CLANG_WARN_COMMA = YES;
				CLANG_WARN_CONSTANT_CONVERSION = YES;
				CLANG_WARN_DEPRECATED_OBJC_IMPLEMENTATIONS = YES;
				CLANG_WARN_DIRECT_OBJC_ISA_USAGE = YES_ERROR;
				CLANG_WARN_DOCUMENTATION_COMMENTS = YES;
				CLANG_WARN_EMPTY_BODY = YES;
				CLANG_WARN_ENUM_CONVERSION = YES;
				CLANG_WARN_INFINITE_RECURSION = YES;
				CLANG_WARN_INT_CONVERSION = YES;
				CLANG_WARN_NON_LITERAL_NULL_CONVERSION = YES;
				CLANG_WARN_OBJC_IMPLICIT_RETAIN_SELF = YES;
				CLANG_WARN_OBJC_LITERAL_CONVERSION = YES;
				CLANG_WARN_OBJC_ROOT_CLASS = YES_ERROR;
				CLANG_WARN_QUOTED_INCLUDE_IN_FRAMEWORK_HEADER = YES;
				CLANG_WARN_RANGE_LOOP_ANALYSIS = YES;
				CLANG_WARN_STRICT_PROTOTYPES = YES;
				CLANG_WARN_SUSPICIOUS_MOVE = YES;
				CLANG_WARN_UNGUARDED_AVAILABILITY = YES_AGGRESSIVE;
				CLANG_WARN_UNREACHABLE_CODE = YES;
				CLANG_WARN__DUPLICATE_METHOD_MATCH = YES;
				COPY_PHASE_STRIP = NO;
				DEBUG_INFORMATION_FORMAT = "dwarf-with-dsym";
				ENABLE_NS_ASSERTIONS = NO;
				ENABLE_STRICT_OBJC_MSGSEND = YES;
				GCC_C_LANGUAGE_STANDARD = gnu11;
				GCC_NO_COMMON_BLOCKS = YES;
				GCC_WARN_64_TO_32_BIT_CONVERSION = YES;
				GCC_WARN_ABOUT_RETURN_TYPE = YES_ERROR;
				GCC_WARN_UNDECLARED_SELECTOR = YES;
				GCC_WARN_UNINITIALIZED_AUTOS = YES_AGGRESSIVE;
				GCC_WARN_UNUSED_FUNCTION = YES;
				GCC_WARN_UNUSED_VARIABLE = YES;
				IPHONEOS_DEPLOYMENT_TARGET = 16.0;
				MTL_ENABLE_DEBUG_INFO = NO;
				MTL_FAST_MATH = YES;
				SDKROOT = iphoneos;
				SWIFT_COMPILATION_MODE = wholemodule;
				SWIFT_OPTIMIZATION_LEVEL = "-O";
				VALIDATE_PRODUCT = YES;
			};
			name = Release;
		};
		AC5968772ABA96EC0067B0D9 /* Debug */ = {
			isa = XCBuildConfiguration;
			buildSettings = {
				ASSETCATALOG_COMPILER_APPICON_NAME = AppIcon;
				ASSETCATALOG_COMPILER_GLOBAL_ACCENT_COLOR_NAME = AccentColor;
				CLANG_ENABLE_MODULES = YES;
				CODE_SIGN_STYLE = Automatic;
				CURRENT_PROJECT_VERSION = 1;
				DEVELOPMENT_TEAM = 5UBE767294;
				GENERATE_INFOPLIST_FILE = YES;
				INFOPLIST_FILE = CountInSpotify/Info.plist;
				INFOPLIST_KEY_UIApplicationSupportsIndirectInputEvents = YES;
				INFOPLIST_KEY_UILaunchStoryboardName = LaunchScreen;
				INFOPLIST_KEY_UIMainStoryboardFile = Main;
				INFOPLIST_KEY_UISupportedInterfaceOrientations_iPad = "UIInterfaceOrientationPortrait UIInterfaceOrientationPortraitUpsideDown UIInterfaceOrientationLandscapeLeft UIInterfaceOrientationLandscapeRight";
				INFOPLIST_KEY_UISupportedInterfaceOrientations_iPhone = "UIInterfaceOrientationPortrait UIInterfaceOrientationLandscapeLeft UIInterfaceOrientationLandscapeRight";
				LD_RUNPATH_SEARCH_PATHS = (
					"$(inherited)",
					"@executable_path/Frameworks",
				);
				MARKETING_VERSION = 1.0;
				OTHER_LDFLAGS = "-ObjC";
				PRODUCT_BUNDLE_IDENTIFIER = com.appenvision.CountInSpotify;
				PRODUCT_NAME = "$(TARGET_NAME)";
				SWIFT_EMIT_LOC_STRINGS = YES;
				SWIFT_OBJC_BRIDGING_HEADER = "CountInSpotify/CountInSpotify-Bridging-Header.h";
				SWIFT_OPTIMIZATION_LEVEL = "-Onone";
				SWIFT_VERSION = 5.0;
				TARGETED_DEVICE_FAMILY = "1,2";
			};
			name = Debug;
		};
		AC5968782ABA96EC0067B0D9 /* Release */ = {
			isa = XCBuildConfiguration;
			buildSettings = {
				ASSETCATALOG_COMPILER_APPICON_NAME = AppIcon;
				ASSETCATALOG_COMPILER_GLOBAL_ACCENT_COLOR_NAME = AccentColor;
				CLANG_ENABLE_MODULES = YES;
				CODE_SIGN_STYLE = Automatic;
				CURRENT_PROJECT_VERSION = 1;
				DEVELOPMENT_TEAM = 5UBE767294;
				GENERATE_INFOPLIST_FILE = YES;
				INFOPLIST_FILE = CountInSpotify/Info.plist;
				INFOPLIST_KEY_UIApplicationSupportsIndirectInputEvents = YES;
				INFOPLIST_KEY_UILaunchStoryboardName = LaunchScreen;
				INFOPLIST_KEY_UIMainStoryboardFile = Main;
				INFOPLIST_KEY_UISupportedInterfaceOrientations_iPad = "UIInterfaceOrientationPortrait UIInterfaceOrientationPortraitUpsideDown UIInterfaceOrientationLandscapeLeft UIInterfaceOrientationLandscapeRight";
				INFOPLIST_KEY_UISupportedInterfaceOrientations_iPhone = "UIInterfaceOrientationPortrait UIInterfaceOrientationLandscapeLeft UIInterfaceOrientationLandscapeRight";
				LD_RUNPATH_SEARCH_PATHS = (
					"$(inherited)",
					"@executable_path/Frameworks",
				);
				MARKETING_VERSION = 1.0;
				OTHER_LDFLAGS = "-ObjC";
				PRODUCT_BUNDLE_IDENTIFIER = com.appenvision.CountInSpotify;
				PRODUCT_NAME = "$(TARGET_NAME)";
				SWIFT_EMIT_LOC_STRINGS = YES;
				SWIFT_OBJC_BRIDGING_HEADER = "CountInSpotify/CountInSpotify-Bridging-Header.h";
				SWIFT_VERSION = 5.0;
				TARGETED_DEVICE_FAMILY = "1,2";
			};
			name = Release;
		};
		AC59687A2ABA96EC0067B0D9 /* Debug */ = {
			isa = XCBuildConfiguration;
			buildSettings = {
				ALWAYS_EMBED_SWIFT_STANDARD_LIBRARIES = YES;
				BUNDLE_LOADER = "$(TEST_HOST)";
				CODE_SIGN_STYLE = Automatic;
				CURRENT_PROJECT_VERSION = 1;
				DEVELOPMENT_TEAM = 5UBE767294;
				GENERATE_INFOPLIST_FILE = YES;
				IPHONEOS_DEPLOYMENT_TARGET = 16.1;
				MARKETING_VERSION = 1.0;
				PRODUCT_BUNDLE_IDENTIFIER = com.appenvision.CountInSpotify.CountInSpotifyTests;
				PRODUCT_NAME = "$(TARGET_NAME)";
				SWIFT_EMIT_LOC_STRINGS = NO;
				SWIFT_VERSION = 5.0;
				TARGETED_DEVICE_FAMILY = "1,2";
				TEST_HOST = "$(BUILT_PRODUCTS_DIR)/CountInSpotify.app/$(BUNDLE_EXECUTABLE_FOLDER_PATH)/CountInSpotify";
			};
			name = Debug;
		};
		AC59687B2ABA96EC0067B0D9 /* Release */ = {
			isa = XCBuildConfiguration;
			buildSettings = {
				ALWAYS_EMBED_SWIFT_STANDARD_LIBRARIES = YES;
				BUNDLE_LOADER = "$(TEST_HOST)";
				CODE_SIGN_STYLE = Automatic;
				CURRENT_PROJECT_VERSION = 1;
				DEVELOPMENT_TEAM = 5UBE767294;
				GENERATE_INFOPLIST_FILE = YES;
				IPHONEOS_DEPLOYMENT_TARGET = 16.1;
				MARKETING_VERSION = 1.0;
				PRODUCT_BUNDLE_IDENTIFIER = com.appenvision.CountInSpotify.CountInSpotifyTests;
				PRODUCT_NAME = "$(TARGET_NAME)";
				SWIFT_EMIT_LOC_STRINGS = NO;
				SWIFT_VERSION = 5.0;
				TARGETED_DEVICE_FAMILY = "1,2";
				TEST_HOST = "$(BUILT_PRODUCTS_DIR)/CountInSpotify.app/$(BUNDLE_EXECUTABLE_FOLDER_PATH)/CountInSpotify";
			};
			name = Release;
		};
		AC59687D2ABA96EC0067B0D9 /* Debug */ = {
			isa = XCBuildConfiguration;
			buildSettings = {
				ALWAYS_EMBED_SWIFT_STANDARD_LIBRARIES = YES;
				CODE_SIGN_STYLE = Automatic;
				CURRENT_PROJECT_VERSION = 1;
				DEVELOPMENT_TEAM = 5UBE767294;
				GENERATE_INFOPLIST_FILE = YES;
				MARKETING_VERSION = 1.0;
				PRODUCT_BUNDLE_IDENTIFIER = com.appenvision.CountInSpotify.CountInSpotifyUITests;
				PRODUCT_NAME = "$(TARGET_NAME)";
				SWIFT_EMIT_LOC_STRINGS = NO;
				SWIFT_VERSION = 5.0;
				TARGETED_DEVICE_FAMILY = "1,2";
				TEST_TARGET_NAME = CountInSpotify;
			};
			name = Debug;
		};
		AC59687E2ABA96EC0067B0D9 /* Release */ = {
			isa = XCBuildConfiguration;
			buildSettings = {
				ALWAYS_EMBED_SWIFT_STANDARD_LIBRARIES = YES;
				CODE_SIGN_STYLE = Automatic;
				CURRENT_PROJECT_VERSION = 1;
				DEVELOPMENT_TEAM = 5UBE767294;
				GENERATE_INFOPLIST_FILE = YES;
				MARKETING_VERSION = 1.0;
				PRODUCT_BUNDLE_IDENTIFIER = com.appenvision.CountInSpotify.CountInSpotifyUITests;
				PRODUCT_NAME = "$(TARGET_NAME)";
				SWIFT_EMIT_LOC_STRINGS = NO;
				SWIFT_VERSION = 5.0;
				TARGETED_DEVICE_FAMILY = "1,2";
				TEST_TARGET_NAME = CountInSpotify;
			};
			name = Release;
		};
/* End XCBuildConfiguration section */

/* Begin XCConfigurationList section */
		AC5968472ABA96E80067B0D9 /* Build configuration list for PBXProject "CountInSpotify" */ = {
			isa = XCConfigurationList;
			buildConfigurations = (
				AC5968742ABA96EC0067B0D9 /* Debug */,
				AC5968752ABA96EC0067B0D9 /* Release */,
			);
			defaultConfigurationIsVisible = 0;
			defaultConfigurationName = Release;
		};
		AC5968762ABA96EC0067B0D9 /* Build configuration list for PBXNativeTarget "CountInSpotify" */ = {
			isa = XCConfigurationList;
			buildConfigurations = (
				AC5968772ABA96EC0067B0D9 /* Debug */,
				AC5968782ABA96EC0067B0D9 /* Release */,
			);
			defaultConfigurationIsVisible = 0;
			defaultConfigurationName = Release;
		};
		AC5968792ABA96EC0067B0D9 /* Build configuration list for PBXNativeTarget "CountInSpotifyTests" */ = {
			isa = XCConfigurationList;
			buildConfigurations = (
				AC59687A2ABA96EC0067B0D9 /* Debug */,
				AC59687B2ABA96EC0067B0D9 /* Release */,
			);
			defaultConfigurationIsVisible = 0;
			defaultConfigurationName = Release;
		};
		AC59687C2ABA96EC0067B0D9 /* Build configuration list for PBXNativeTarget "CountInSpotifyUITests" */ = {
			isa = XCConfigurationList;
			buildConfigurations = (
				AC59687D2ABA96EC0067B0D9 /* Debug */,
				AC59687E2ABA96EC0067B0D9 /* Release */,
			);
			defaultConfigurationIsVisible = 0;
			defaultConfigurationName = Release;
		};
/* End XCConfigurationList section */
	};
	rootObject = AC5968442ABA96E80067B0D9 /* Project object */;
}
